// !$*UTF8*$!
{
	archiveVersion = 1;
	classes = {
	};
	objectVersion = 56;
	objects = {

/* Begin PBXBuildFile section */
		4E0F675A2C34071A00BCE025 /* AppDelegate.swift in Sources */ = {isa = PBXBuildFile; fileRef = 4E0F67592C34071A00BCE025 /* AppDelegate.swift */; };
		4E0F675C2C34071A00BCE025 /* SceneDelegate.swift in Sources */ = {isa = PBXBuildFile; fileRef = 4E0F675B2C34071A00BCE025 /* SceneDelegate.swift */; };
		4E0F675E2C34071A00BCE025 /* ListViewController.swift in Sources */ = {isa = PBXBuildFile; fileRef = 4E0F675D2C34071A00BCE025 /* ListViewController.swift */; };
		4E0F67632C34071C00BCE025 /* Assets.xcassets in Resources */ = {isa = PBXBuildFile; fileRef = 4E0F67622C34071C00BCE025 /* Assets.xcassets */; };
		4E0F67662C34071C00BCE025 /* Base in Resources */ = {isa = PBXBuildFile; fileRef = 4E0F67652C34071C00BCE025 /* Base */; };
		4E0F67762C34098200BCE025 /* BaseView.swift in Sources */ = {isa = PBXBuildFile; fileRef = 4E0F67752C34098200BCE025 /* BaseView.swift */; };
		4E0F67782C34099D00BCE025 /* ListView.swift in Sources */ = {isa = PBXBuildFile; fileRef = 4E0F67772C34099D00BCE025 /* ListView.swift */; };
		4E0F677A2C340A3C00BCE025 /* BaseViewController.swift in Sources */ = {isa = PBXBuildFile; fileRef = 4E0F67792C340A3C00BCE025 /* BaseViewController.swift */; };
		4E0F677D2C340C1F00BCE025 /* NSObjectProtocol + Extenstion.swift in Sources */ = {isa = PBXBuildFile; fileRef = 4E0F677C2C340C1F00BCE025 /* NSObjectProtocol + Extenstion.swift */; };
		4E0F677F2C340D2B00BCE025 /* ListTableViewCell.swift in Sources */ = {isa = PBXBuildFile; fileRef = 4E0F677E2C340D2B00BCE025 /* ListTableViewCell.swift */; };
		4E0F67812C340D4600BCE025 /* BaseTableViewCell.swift in Sources */ = {isa = PBXBuildFile; fileRef = 4E0F67802C340D4600BCE025 /* BaseTableViewCell.swift */; };
		4E0F67842C340DD500BCE025 /* SnapKit in Frameworks */ = {isa = PBXBuildFile; productRef = 4E0F67832C340DD500BCE025 /* SnapKit */; };
		4E0F67872C340E5E00BCE025 /* RealmSwift in Frameworks */ = {isa = PBXBuildFile; productRef = 4E0F67862C340E5E00BCE025 /* RealmSwift */; };
		4E0F678A2C35419100BCE025 /* Colors.swift in Sources */ = {isa = PBXBuildFile; fileRef = 4E0F67892C35419100BCE025 /* Colors.swift */; };
		4E0F678C2C3543C900BCE025 /* RegisterViewController.swift in Sources */ = {isa = PBXBuildFile; fileRef = 4E0F678B2C3543C900BCE025 /* RegisterViewController.swift */; };
		4E0F678E2C3544BC00BCE025 /* RegisterView.swift in Sources */ = {isa = PBXBuildFile; fileRef = 4E0F678D2C3544BC00BCE025 /* RegisterView.swift */; };
		4E0F67902C35497A00BCE025 /* UINavigationController + Extension.swift in Sources */ = {isa = PBXBuildFile; fileRef = 4E0F678F2C35497A00BCE025 /* UINavigationController + Extension.swift */; };
		4E0F67922C354FAA00BCE025 /* RegisterTableViewCell.swift in Sources */ = {isa = PBXBuildFile; fileRef = 4E0F67912C354FAA00BCE025 /* RegisterTableViewCell.swift */; };
		4E0F67942C356F0100BCE025 /* Names.swift in Sources */ = {isa = PBXBuildFile; fileRef = 4E0F67932C356F0100BCE025 /* Names.swift */; };
		4E0F67972C35721D00BCE025 /* DateView.swift in Sources */ = {isa = PBXBuildFile; fileRef = 4E0F67962C35721D00BCE025 /* DateView.swift */; };
		4E0F67992C3574BF00BCE025 /* DateViewController.swift in Sources */ = {isa = PBXBuildFile; fileRef = 4E0F67982C3574BF00BCE025 /* DateViewController.swift */; };
		4E0F679D2C35781300BCE025 /* HashTagView.swift in Sources */ = {isa = PBXBuildFile; fileRef = 4E0F679C2C35781300BCE025 /* HashTagView.swift */; };
		4E0F679F2C35781E00BCE025 /* HashTagViewController.swift in Sources */ = {isa = PBXBuildFile; fileRef = 4E0F679E2C35781E00BCE025 /* HashTagViewController.swift */; };
		4E0F67A12C35783000BCE025 /* PriorityView.swift in Sources */ = {isa = PBXBuildFile; fileRef = 4E0F67A02C35783000BCE025 /* PriorityView.swift */; };
		4E0F67A32C35783C00BCE025 /* PriorityViewController.swift in Sources */ = {isa = PBXBuildFile; fileRef = 4E0F67A22C35783C00BCE025 /* PriorityViewController.swift */; };
		4E0F67A52C357BC500BCE025 /* UIDatePicker + Extension.swift in Sources */ = {isa = PBXBuildFile; fileRef = 4E0F67A42C357BC500BCE025 /* UIDatePicker + Extension.swift */; };
		4E0F67A82C3587D000BCE025 /* Reminder.swift in Sources */ = {isa = PBXBuildFile; fileRef = 4E0F67A72C3587D000BCE025 /* Reminder.swift */; };
		4E0F67B02C3691D100BCE025 /* RealmSwift in Embed Frameworks */ = {isa = PBXBuildFile; productRef = 4E0F67862C340E5E00BCE025 /* RealmSwift */; settings = {ATTRIBUTES = (CodeSignOnCopy, ); }; };
		4E0F67B32C369BC100BCE025 /* ReminderRepository.swift in Sources */ = {isa = PBXBuildFile; fileRef = 4E0F67B22C369BC100BCE025 /* ReminderRepository.swift */; };
		4E0F67B52C37D64900BCE025 /* RealmManager.swift in Sources */ = {isa = PBXBuildFile; fileRef = 4E0F67B42C37D64900BCE025 /* RealmManager.swift */; };
		4E0F67B82C37DD9300BCE025 /* BundleViewController.swift in Sources */ = {isa = PBXBuildFile; fileRef = 4E0F67B72C37DD9300BCE025 /* BundleViewController.swift */; };
		4E0F67BA2C37DD9C00BCE025 /* BundleView.swift in Sources */ = {isa = PBXBuildFile; fileRef = 4E0F67B92C37DD9C00BCE025 /* BundleView.swift */; };
		4E0F67BC2C37E15200BCE025 /* BundleCollectionViewCell.swift in Sources */ = {isa = PBXBuildFile; fileRef = 4E0F67BB2C37E15200BCE025 /* BundleCollectionViewCell.swift */; };
		4E0F67BE2C37E16500BCE025 /* BaseCollectionViewCell.swift in Sources */ = {isa = PBXBuildFile; fileRef = 4E0F67BD2C37E16500BCE025 /* BaseCollectionViewCell.swift */; };
		4E0F67C02C381AD700BCE025 /* UIViewController + Extension.swift in Sources */ = {isa = PBXBuildFile; fileRef = 4E0F67BF2C381AD700BCE025 /* UIViewController + Extension.swift */; };
		4E0F67C22C391A0900BCE025 /* RegisterModel.swift in Sources */ = {isa = PBXBuildFile; fileRef = 4E0F67C12C391A0900BCE025 /* RegisterModel.swift */; };
		4E0F67C42C391CBB00BCE025 /* UIView + Extension.swift in Sources */ = {isa = PBXBuildFile; fileRef = 4E0F67C32C391CBB00BCE025 /* UIView + Extension.swift */; };
		4E0F67C62C392DB100BCE025 /* TransportProtocol.swift in Sources */ = {isa = PBXBuildFile; fileRef = 4E0F67C52C392DB100BCE025 /* TransportProtocol.swift */; };
		4E0F67CA2C39548E00BCE025 /* ImageView.swift in Sources */ = {isa = PBXBuildFile; fileRef = 4E0F67C92C39548E00BCE025 /* ImageView.swift */; };
		4E0F67CC2C39549800BCE025 /* ImageViewController.swift in Sources */ = {isa = PBXBuildFile; fileRef = 4E0F67CB2C39549800BCE025 /* ImageViewController.swift */; };
		4E0F67CE2C39799A00BCE025 /* Date + Extension.swift in Sources */ = {isa = PBXBuildFile; fileRef = 4E0F67CD2C39799A00BCE025 /* Date + Extension.swift */; };
		4E0F67D12C3A7E8300BCE025 /* CalendarView.swift in Sources */ = {isa = PBXBuildFile; fileRef = 4E0F67D02C3A7E8300BCE025 /* CalendarView.swift */; };
		4E0F67D42C3A7EF400BCE025 /* FSCalendar in Frameworks */ = {isa = PBXBuildFile; productRef = 4E0F67D32C3A7EF400BCE025 /* FSCalendar */; };
		4E0F67D62C3A7FBF00BCE025 /* CalendarViewController.swift in Sources */ = {isa = PBXBuildFile; fileRef = 4E0F67D52C3A7FBF00BCE025 /* CalendarViewController.swift */; };
/* End PBXBuildFile section */

/* Begin PBXCopyFilesBuildPhase section */
		4E0F67B12C3691D100BCE025 /* Embed Frameworks */ = {
			isa = PBXCopyFilesBuildPhase;
			buildActionMask = 2147483647;
			dstPath = "";
			dstSubfolderSpec = 10;
			files = (
				4E0F67B02C3691D100BCE025 /* RealmSwift in Embed Frameworks */,
			);
			name = "Embed Frameworks";
			runOnlyForDeploymentPostprocessing = 0;
		};
/* End PBXCopyFilesBuildPhase section */

/* Begin PBXFileReference section */
		4E0F67562C34071A00BCE025 /* DataBaseReminder.app */ = {isa = PBXFileReference; explicitFileType = wrapper.application; includeInIndex = 0; path = DataBaseReminder.app; sourceTree = BUILT_PRODUCTS_DIR; };
		4E0F67592C34071A00BCE025 /* AppDelegate.swift */ = {isa = PBXFileReference; lastKnownFileType = sourcecode.swift; path = AppDelegate.swift; sourceTree = "<group>"; };
		4E0F675B2C34071A00BCE025 /* SceneDelegate.swift */ = {isa = PBXFileReference; lastKnownFileType = sourcecode.swift; path = SceneDelegate.swift; sourceTree = "<group>"; };
		4E0F675D2C34071A00BCE025 /* ListViewController.swift */ = {isa = PBXFileReference; lastKnownFileType = sourcecode.swift; path = ListViewController.swift; sourceTree = "<group>"; };
		4E0F67622C34071C00BCE025 /* Assets.xcassets */ = {isa = PBXFileReference; lastKnownFileType = folder.assetcatalog; path = Assets.xcassets; sourceTree = "<group>"; };
		4E0F67652C34071C00BCE025 /* Base */ = {isa = PBXFileReference; lastKnownFileType = file.storyboard; name = Base; path = Base.lproj/LaunchScreen.storyboard; sourceTree = "<group>"; };
		4E0F67672C34071C00BCE025 /* Info.plist */ = {isa = PBXFileReference; lastKnownFileType = text.plist.xml; path = Info.plist; sourceTree = "<group>"; };
		4E0F67752C34098200BCE025 /* BaseView.swift */ = {isa = PBXFileReference; lastKnownFileType = sourcecode.swift; path = BaseView.swift; sourceTree = "<group>"; };
		4E0F67772C34099D00BCE025 /* ListView.swift */ = {isa = PBXFileReference; lastKnownFileType = sourcecode.swift; path = ListView.swift; sourceTree = "<group>"; };
		4E0F67792C340A3C00BCE025 /* BaseViewController.swift */ = {isa = PBXFileReference; lastKnownFileType = sourcecode.swift; path = BaseViewController.swift; sourceTree = "<group>"; };
		4E0F677C2C340C1F00BCE025 /* NSObjectProtocol + Extenstion.swift */ = {isa = PBXFileReference; lastKnownFileType = sourcecode.swift; path = "NSObjectProtocol + Extenstion.swift"; sourceTree = "<group>"; };
		4E0F677E2C340D2B00BCE025 /* ListTableViewCell.swift */ = {isa = PBXFileReference; lastKnownFileType = sourcecode.swift; path = ListTableViewCell.swift; sourceTree = "<group>"; };
		4E0F67802C340D4600BCE025 /* BaseTableViewCell.swift */ = {isa = PBXFileReference; lastKnownFileType = sourcecode.swift; path = BaseTableViewCell.swift; sourceTree = "<group>"; };
		4E0F67892C35419100BCE025 /* Colors.swift */ = {isa = PBXFileReference; lastKnownFileType = sourcecode.swift; path = Colors.swift; sourceTree = "<group>"; };
		4E0F678B2C3543C900BCE025 /* RegisterViewController.swift */ = {isa = PBXFileReference; lastKnownFileType = sourcecode.swift; path = RegisterViewController.swift; sourceTree = "<group>"; };
		4E0F678D2C3544BC00BCE025 /* RegisterView.swift */ = {isa = PBXFileReference; lastKnownFileType = sourcecode.swift; path = RegisterView.swift; sourceTree = "<group>"; };
		4E0F678F2C35497A00BCE025 /* UINavigationController + Extension.swift */ = {isa = PBXFileReference; lastKnownFileType = sourcecode.swift; path = "UINavigationController + Extension.swift"; sourceTree = "<group>"; };
		4E0F67912C354FAA00BCE025 /* RegisterTableViewCell.swift */ = {isa = PBXFileReference; lastKnownFileType = sourcecode.swift; path = RegisterTableViewCell.swift; sourceTree = "<group>"; };
		4E0F67932C356F0100BCE025 /* Names.swift */ = {isa = PBXFileReference; lastKnownFileType = sourcecode.swift; path = Names.swift; sourceTree = "<group>"; };
		4E0F67962C35721D00BCE025 /* DateView.swift */ = {isa = PBXFileReference; lastKnownFileType = sourcecode.swift; path = DateView.swift; sourceTree = "<group>"; };
		4E0F67982C3574BF00BCE025 /* DateViewController.swift */ = {isa = PBXFileReference; lastKnownFileType = sourcecode.swift; path = DateViewController.swift; sourceTree = "<group>"; };
		4E0F679C2C35781300BCE025 /* HashTagView.swift */ = {isa = PBXFileReference; lastKnownFileType = sourcecode.swift; path = HashTagView.swift; sourceTree = "<group>"; };
		4E0F679E2C35781E00BCE025 /* HashTagViewController.swift */ = {isa = PBXFileReference; lastKnownFileType = sourcecode.swift; path = HashTagViewController.swift; sourceTree = "<group>"; };
		4E0F67A02C35783000BCE025 /* PriorityView.swift */ = {isa = PBXFileReference; lastKnownFileType = sourcecode.swift; path = PriorityView.swift; sourceTree = "<group>"; };
		4E0F67A22C35783C00BCE025 /* PriorityViewController.swift */ = {isa = PBXFileReference; lastKnownFileType = sourcecode.swift; path = PriorityViewController.swift; sourceTree = "<group>"; };
		4E0F67A42C357BC500BCE025 /* UIDatePicker + Extension.swift */ = {isa = PBXFileReference; lastKnownFileType = sourcecode.swift; path = "UIDatePicker + Extension.swift"; sourceTree = "<group>"; };
		4E0F67A72C3587D000BCE025 /* Reminder.swift */ = {isa = PBXFileReference; lastKnownFileType = sourcecode.swift; path = Reminder.swift; sourceTree = "<group>"; };
		4E0F67B22C369BC100BCE025 /* ReminderRepository.swift */ = {isa = PBXFileReference; lastKnownFileType = sourcecode.swift; path = ReminderRepository.swift; sourceTree = "<group>"; };
		4E0F67B42C37D64900BCE025 /* RealmManager.swift */ = {isa = PBXFileReference; lastKnownFileType = sourcecode.swift; path = RealmManager.swift; sourceTree = "<group>"; };
		4E0F67B72C37DD9300BCE025 /* BundleViewController.swift */ = {isa = PBXFileReference; lastKnownFileType = sourcecode.swift; path = BundleViewController.swift; sourceTree = "<group>"; };
		4E0F67B92C37DD9C00BCE025 /* BundleView.swift */ = {isa = PBXFileReference; lastKnownFileType = sourcecode.swift; path = BundleView.swift; sourceTree = "<group>"; };
		4E0F67BB2C37E15200BCE025 /* BundleCollectionViewCell.swift */ = {isa = PBXFileReference; lastKnownFileType = sourcecode.swift; path = BundleCollectionViewCell.swift; sourceTree = "<group>"; };
		4E0F67BD2C37E16500BCE025 /* BaseCollectionViewCell.swift */ = {isa = PBXFileReference; lastKnownFileType = sourcecode.swift; path = BaseCollectionViewCell.swift; sourceTree = "<group>"; };
		4E0F67BF2C381AD700BCE025 /* UIViewController + Extension.swift */ = {isa = PBXFileReference; lastKnownFileType = sourcecode.swift; path = "UIViewController + Extension.swift"; sourceTree = "<group>"; };
		4E0F67C12C391A0900BCE025 /* RegisterModel.swift */ = {isa = PBXFileReference; lastKnownFileType = sourcecode.swift; path = RegisterModel.swift; sourceTree = "<group>"; };
		4E0F67C32C391CBB00BCE025 /* UIView + Extension.swift */ = {isa = PBXFileReference; lastKnownFileType = sourcecode.swift; path = "UIView + Extension.swift"; sourceTree = "<group>"; };
		4E0F67C52C392DB100BCE025 /* TransportProtocol.swift */ = {isa = PBXFileReference; lastKnownFileType = sourcecode.swift; path = TransportProtocol.swift; sourceTree = "<group>"; };
		4E0F67C92C39548E00BCE025 /* ImageView.swift */ = {isa = PBXFileReference; lastKnownFileType = sourcecode.swift; path = ImageView.swift; sourceTree = "<group>"; };
		4E0F67CB2C39549800BCE025 /* ImageViewController.swift */ = {isa = PBXFileReference; lastKnownFileType = sourcecode.swift; path = ImageViewController.swift; sourceTree = "<group>"; };
		4E0F67CD2C39799A00BCE025 /* Date + Extension.swift */ = {isa = PBXFileReference; lastKnownFileType = sourcecode.swift; path = "Date + Extension.swift"; sourceTree = "<group>"; };
		4E0F67D02C3A7E8300BCE025 /* CalendarView.swift */ = {isa = PBXFileReference; lastKnownFileType = sourcecode.swift; path = CalendarView.swift; sourceTree = "<group>"; };
		4E0F67D52C3A7FBF00BCE025 /* CalendarViewController.swift */ = {isa = PBXFileReference; lastKnownFileType = sourcecode.swift; path = CalendarViewController.swift; sourceTree = "<group>"; };
/* End PBXFileReference section */

/* Begin PBXFrameworksBuildPhase section */
		4E0F67532C34071A00BCE025 /* Frameworks */ = {
			isa = PBXFrameworksBuildPhase;
			buildActionMask = 2147483647;
			files = (
				4E0F67872C340E5E00BCE025 /* RealmSwift in Frameworks */,
				4E0F67D42C3A7EF400BCE025 /* FSCalendar in Frameworks */,
				4E0F67842C340DD500BCE025 /* SnapKit in Frameworks */,
			);
			runOnlyForDeploymentPostprocessing = 0;
		};
/* End PBXFrameworksBuildPhase section */

/* Begin PBXGroup section */
		4E0F674D2C34071A00BCE025 = {
			isa = PBXGroup;
			children = (
				4E0F67582C34071A00BCE025 /* DataBaseReminder */,
				4E0F67572C34071A00BCE025 /* Products */,
			);
			sourceTree = "<group>";
		};
		4E0F67572C34071A00BCE025 /* Products */ = {
			isa = PBXGroup;
			children = (
				4E0F67562C34071A00BCE025 /* DataBaseReminder.app */,
			);
			name = Products;
			sourceTree = "<group>";
		};
		4E0F67582C34071A00BCE025 /* DataBaseReminder */ = {
			isa = PBXGroup;
			children = (
				4E0F676D2C34089B00BCE025 /* StoryBoard */,
				4E0F676E2C3408AB00BCE025 /* Application */,
				4E0F676F2C3408C100BCE025 /* Resources */,
				4E0F67702C3408D700BCE025 /* Presentation */,
			);
			path = DataBaseReminder;
			sourceTree = "<group>";
		};
		4E0F676D2C34089B00BCE025 /* StoryBoard */ = {
			isa = PBXGroup;
			children = (
				4E0F67642C34071C00BCE025 /* LaunchScreen.storyboard */,
			);
			path = StoryBoard;
			sourceTree = "<group>";
		};
		4E0F676E2C3408AB00BCE025 /* Application */ = {
			isa = PBXGroup;
			children = (
				4E0F67592C34071A00BCE025 /* AppDelegate.swift */,
				4E0F675B2C34071A00BCE025 /* SceneDelegate.swift */,
			);
			path = Application;
			sourceTree = "<group>";
		};
		4E0F676F2C3408C100BCE025 /* Resources */ = {
			isa = PBXGroup;
			children = (
				4E0F67C72C39379000BCE025 /* Protocol */,
				4E0F67882C35418500BCE025 /* NameSpace */,
				4E0F677B2C340C0500BCE025 /* Extenstion */,
				4E0F67622C34071C00BCE025 /* Assets.xcassets */,
				4E0F67672C34071C00BCE025 /* Info.plist */,
			);
			path = Resources;
			sourceTree = "<group>";
		};
		4E0F67702C3408D700BCE025 /* Presentation */ = {
			isa = PBXGroup;
			children = (
				4E0F67A62C3587AA00BCE025 /* Realm */,
				4E0F67742C34097A00BCE025 /* Base */,
				4E0F67B62C37DD6500BCE025 /* Bundle */,
				4E0F67CF2C3A7E6800BCE025 /* Calendar */,
				4E0F67712C3408EF00BCE025 /* List */,
				4E0F67732C34090600BCE025 /* Register */,
				4E0F67952C35720300BCE025 /* Date */,
				4E0F679A2C3577F300BCE025 /* HashTag */,
				4E0F679B2C3577F600BCE025 /* Priority */,
				4E0F67C82C39547700BCE025 /* Image */,
			);
			path = Presentation;
			sourceTree = "<group>";
		};
		4E0F67712C3408EF00BCE025 /* List */ = {
			isa = PBXGroup;
			children = (
				4E0F67772C34099D00BCE025 /* ListView.swift */,
				4E0F677E2C340D2B00BCE025 /* ListTableViewCell.swift */,
				4E0F675D2C34071A00BCE025 /* ListViewController.swift */,
			);
			path = List;
			sourceTree = "<group>";
		};
		4E0F67732C34090600BCE025 /* Register */ = {
			isa = PBXGroup;
			children = (
				4E0F678D2C3544BC00BCE025 /* RegisterView.swift */,
				4E0F67912C354FAA00BCE025 /* RegisterTableViewCell.swift */,
				4E0F678B2C3543C900BCE025 /* RegisterViewController.swift */,
				4E0F67C12C391A0900BCE025 /* RegisterModel.swift */,
			);
			path = Register;
			sourceTree = "<group>";
		};
		4E0F67742C34097A00BCE025 /* Base */ = {
			isa = PBXGroup;
			children = (
				4E0F67752C34098200BCE025 /* BaseView.swift */,
				4E0F67802C340D4600BCE025 /* BaseTableViewCell.swift */,
				4E0F67BD2C37E16500BCE025 /* BaseCollectionViewCell.swift */,
				4E0F67792C340A3C00BCE025 /* BaseViewController.swift */,
			);
			path = Base;
			sourceTree = "<group>";
		};
		4E0F677B2C340C0500BCE025 /* Extenstion */ = {
			isa = PBXGroup;
			children = (
				4E0F677C2C340C1F00BCE025 /* NSObjectProtocol + Extenstion.swift */,
				4E0F678F2C35497A00BCE025 /* UINavigationController + Extension.swift */,
				4E0F67BF2C381AD700BCE025 /* UIViewController + Extension.swift */,
				4E0F67C32C391CBB00BCE025 /* UIView + Extension.swift */,
				4E0F67A42C357BC500BCE025 /* UIDatePicker + Extension.swift */,
				4E0F67CD2C39799A00BCE025 /* Date + Extension.swift */,
			);
			path = Extenstion;
			sourceTree = "<group>";
		};
		4E0F67882C35418500BCE025 /* NameSpace */ = {
			isa = PBXGroup;
			children = (
				4E0F67892C35419100BCE025 /* Colors.swift */,
				4E0F67932C356F0100BCE025 /* Names.swift */,
			);
			path = NameSpace;
			sourceTree = "<group>";
		};
		4E0F67952C35720300BCE025 /* Date */ = {
			isa = PBXGroup;
			children = (
				4E0F67962C35721D00BCE025 /* DateView.swift */,
				4E0F67982C3574BF00BCE025 /* DateViewController.swift */,
			);
			path = Date;
			sourceTree = "<group>";
		};
		4E0F679A2C3577F300BCE025 /* HashTag */ = {
			isa = PBXGroup;
			children = (
				4E0F679C2C35781300BCE025 /* HashTagView.swift */,
				4E0F679E2C35781E00BCE025 /* HashTagViewController.swift */,
			);
			path = HashTag;
			sourceTree = "<group>";
		};
		4E0F679B2C3577F600BCE025 /* Priority */ = {
			isa = PBXGroup;
			children = (
				4E0F67A02C35783000BCE025 /* PriorityView.swift */,
				4E0F67A22C35783C00BCE025 /* PriorityViewController.swift */,
			);
			path = Priority;
			sourceTree = "<group>";
		};
		4E0F67A62C3587AA00BCE025 /* Realm */ = {
			isa = PBXGroup;
			children = (
				4E0F67A72C3587D000BCE025 /* Reminder.swift */,
				4E0F67B42C37D64900BCE025 /* RealmManager.swift */,
				4E0F67B22C369BC100BCE025 /* ReminderRepository.swift */,
			);
			path = Realm;
			sourceTree = "<group>";
		};
		4E0F67B62C37DD6500BCE025 /* Bundle */ = {
			isa = PBXGroup;
			children = (
				4E0F67B92C37DD9C00BCE025 /* BundleView.swift */,
				4E0F67BB2C37E15200BCE025 /* BundleCollectionViewCell.swift */,
				4E0F67B72C37DD9300BCE025 /* BundleViewController.swift */,
			);
			path = Bundle;
			sourceTree = "<group>";
		};
		4E0F67C72C39379000BCE025 /* Protocol */ = {
			isa = PBXGroup;
			children = (
				4E0F67C52C392DB100BCE025 /* TransportProtocol.swift */,
			);
			path = Protocol;
			sourceTree = "<group>";
		};
		4E0F67C82C39547700BCE025 /* Image */ = {
			isa = PBXGroup;
			children = (
				4E0F67C92C39548E00BCE025 /* ImageView.swift */,
				4E0F67CB2C39549800BCE025 /* ImageViewController.swift */,
			);
			path = Image;
			sourceTree = "<group>";
		};
		4E0F67CF2C3A7E6800BCE025 /* Calendar */ = {
			isa = PBXGroup;
			children = (
				4E0F67D02C3A7E8300BCE025 /* CalendarView.swift */,
				4E0F67D52C3A7FBF00BCE025 /* CalendarViewController.swift */,
			);
			path = Calendar;
			sourceTree = "<group>";
		};
/* End PBXGroup section */

/* Begin PBXNativeTarget section */
		4E0F67552C34071A00BCE025 /* DataBaseReminder */ = {
			isa = PBXNativeTarget;
			buildConfigurationList = 4E0F676A2C34071C00BCE025 /* Build configuration list for PBXNativeTarget "DataBaseReminder" */;
			buildPhases = (
				4E0F67522C34071A00BCE025 /* Sources */,
				4E0F67532C34071A00BCE025 /* Frameworks */,
				4E0F67542C34071A00BCE025 /* Resources */,
				4E0F67B12C3691D100BCE025 /* Embed Frameworks */,
			);
			buildRules = (
			);
			dependencies = (
			);
			name = DataBaseReminder;
			packageProductDependencies = (
				4E0F67832C340DD500BCE025 /* SnapKit */,
				4E0F67862C340E5E00BCE025 /* RealmSwift */,
				4E0F67D32C3A7EF400BCE025 /* FSCalendar */,
			);
			productName = DataBaseReminder;
			productReference = 4E0F67562C34071A00BCE025 /* DataBaseReminder.app */;
			productType = "com.apple.product-type.application";
		};
/* End PBXNativeTarget section */

/* Begin PBXProject section */
		4E0F674E2C34071A00BCE025 /* Project object */ = {
			isa = PBXProject;
			attributes = {
				BuildIndependentTargetsInParallel = 1;
				LastSwiftUpdateCheck = 1540;
				LastUpgradeCheck = 1540;
				TargetAttributes = {
					4E0F67552C34071A00BCE025 = {
						CreatedOnToolsVersion = 15.4;
					};
				};
			};
			buildConfigurationList = 4E0F67512C34071A00BCE025 /* Build configuration list for PBXProject "DataBaseReminder" */;
			compatibilityVersion = "Xcode 14.0";
			developmentRegion = en;
			hasScannedForEncodings = 0;
			knownRegions = (
				en,
				Base,
			);
			mainGroup = 4E0F674D2C34071A00BCE025;
			packageReferences = (
				4E0F67822C340DD500BCE025 /* XCRemoteSwiftPackageReference "SnapKit" */,
				4E0F67852C340E5E00BCE025 /* XCRemoteSwiftPackageReference "realm-swift" */,
				4E0F67D22C3A7EF400BCE025 /* XCRemoteSwiftPackageReference "FSCalendar" */,
			);
			productRefGroup = 4E0F67572C34071A00BCE025 /* Products */;
			projectDirPath = "";
			projectRoot = "";
			targets = (
				4E0F67552C34071A00BCE025 /* DataBaseReminder */,
			);
		};
/* End PBXProject section */

/* Begin PBXResourcesBuildPhase section */
		4E0F67542C34071A00BCE025 /* Resources */ = {
			isa = PBXResourcesBuildPhase;
			buildActionMask = 2147483647;
			files = (
				4E0F67632C34071C00BCE025 /* Assets.xcassets in Resources */,
				4E0F67662C34071C00BCE025 /* Base in Resources */,
			);
			runOnlyForDeploymentPostprocessing = 0;
		};
/* End PBXResourcesBuildPhase section */

/* Begin PBXSourcesBuildPhase section */
		4E0F67522C34071A00BCE025 /* Sources */ = {
			isa = PBXSourcesBuildPhase;
			buildActionMask = 2147483647;
			files = (
				4E0F67942C356F0100BCE025 /* Names.swift in Sources */,
				4E0F67B32C369BC100BCE025 /* ReminderRepository.swift in Sources */,
				4E0F675E2C34071A00BCE025 /* ListViewController.swift in Sources */,
				4E0F67A12C35783000BCE025 /* PriorityView.swift in Sources */,
				4E0F67A82C3587D000BCE025 /* Reminder.swift in Sources */,
				4E0F67972C35721D00BCE025 /* DateView.swift in Sources */,
				4E0F67902C35497A00BCE025 /* UINavigationController + Extension.swift in Sources */,
				4E0F678C2C3543C900BCE025 /* RegisterViewController.swift in Sources */,
				4E0F67B82C37DD9300BCE025 /* BundleViewController.swift in Sources */,
				4E0F67D12C3A7E8300BCE025 /* CalendarView.swift in Sources */,
				4E0F67D62C3A7FBF00BCE025 /* CalendarViewController.swift in Sources */,
				4E0F678A2C35419100BCE025 /* Colors.swift in Sources */,
				4E0F67BC2C37E15200BCE025 /* BundleCollectionViewCell.swift in Sources */,
				4E0F67CE2C39799A00BCE025 /* Date + Extension.swift in Sources */,
				4E0F677F2C340D2B00BCE025 /* ListTableViewCell.swift in Sources */,
				4E0F675A2C34071A00BCE025 /* AppDelegate.swift in Sources */,
				4E0F677D2C340C1F00BCE025 /* NSObjectProtocol + Extenstion.swift in Sources */,
				4E0F67812C340D4600BCE025 /* BaseTableViewCell.swift in Sources */,
				4E0F675C2C34071A00BCE025 /* SceneDelegate.swift in Sources */,
				4E0F67C02C381AD700BCE025 /* UIViewController + Extension.swift in Sources */,
				4E0F67CC2C39549800BCE025 /* ImageViewController.swift in Sources */,
				4E0F67782C34099D00BCE025 /* ListView.swift in Sources */,
				4E0F67C62C392DB100BCE025 /* TransportProtocol.swift in Sources */,
				4E0F67A52C357BC500BCE025 /* UIDatePicker + Extension.swift in Sources */,
				4E0F67CA2C39548E00BCE025 /* ImageView.swift in Sources */,
				4E0F679F2C35781E00BCE025 /* HashTagViewController.swift in Sources */,
				4E0F67C42C391CBB00BCE025 /* UIView + Extension.swift in Sources */,
				4E0F67922C354FAA00BCE025 /* RegisterTableViewCell.swift in Sources */,
				4E0F678E2C3544BC00BCE025 /* RegisterView.swift in Sources */,
				4E0F67BE2C37E16500BCE025 /* BaseCollectionViewCell.swift in Sources */,
				4E0F67762C34098200BCE025 /* BaseView.swift in Sources */,
				4E0F67A32C35783C00BCE025 /* PriorityViewController.swift in Sources */,
				4E0F677A2C340A3C00BCE025 /* BaseViewController.swift in Sources */,
				4E0F67B52C37D64900BCE025 /* RealmManager.swift in Sources */,
				4E0F67992C3574BF00BCE025 /* DateViewController.swift in Sources */,
				4E0F67BA2C37DD9C00BCE025 /* BundleView.swift in Sources */,
				4E0F679D2C35781300BCE025 /* HashTagView.swift in Sources */,
				4E0F67C22C391A0900BCE025 /* RegisterModel.swift in Sources */,
			);
			runOnlyForDeploymentPostprocessing = 0;
		};
/* End PBXSourcesBuildPhase section */

/* Begin PBXVariantGroup section */
		4E0F67642C34071C00BCE025 /* LaunchScreen.storyboard */ = {
			isa = PBXVariantGroup;
			children = (
				4E0F67652C34071C00BCE025 /* Base */,
			);
			name = LaunchScreen.storyboard;
			sourceTree = "<group>";
		};
/* End PBXVariantGroup section */

/* Begin XCBuildConfiguration section */
		4E0F67682C34071C00BCE025 /* Debug */ = {
			isa = XCBuildConfiguration;
			buildSettings = {
				ALWAYS_SEARCH_USER_PATHS = NO;
				ASSETCATALOG_COMPILER_GENERATE_SWIFT_ASSET_SYMBOL_EXTENSIONS = YES;
				CLANG_ANALYZER_NONNULL = YES;
				CLANG_ANALYZER_NUMBER_OBJECT_CONVERSION = YES_AGGRESSIVE;
				CLANG_CXX_LANGUAGE_STANDARD = "gnu++20";
				CLANG_ENABLE_MODULES = YES;
				CLANG_ENABLE_OBJC_ARC = YES;
				CLANG_ENABLE_OBJC_WEAK = YES;
				CLANG_WARN_BLOCK_CAPTURE_AUTORELEASING = YES;
				CLANG_WARN_BOOL_CONVERSION = YES;
				CLANG_WARN_COMMA = YES;
				CLANG_WARN_CONSTANT_CONVERSION = YES;
				CLANG_WARN_DEPRECATED_OBJC_IMPLEMENTATIONS = YES;
				CLANG_WARN_DIRECT_OBJC_ISA_USAGE = YES_ERROR;
				CLANG_WARN_DOCUMENTATION_COMMENTS = YES;
				CLANG_WARN_EMPTY_BODY = YES;
				CLANG_WARN_ENUM_CONVERSION = YES;
				CLANG_WARN_INFINITE_RECURSION = YES;
				CLANG_WARN_INT_CONVERSION = YES;
				CLANG_WARN_NON_LITERAL_NULL_CONVERSION = YES;
				CLANG_WARN_OBJC_IMPLICIT_RETAIN_SELF = YES;
				CLANG_WARN_OBJC_LITERAL_CONVERSION = YES;
				CLANG_WARN_OBJC_ROOT_CLASS = YES_ERROR;
				CLANG_WARN_QUOTED_INCLUDE_IN_FRAMEWORK_HEADER = YES;
				CLANG_WARN_RANGE_LOOP_ANALYSIS = YES;
				CLANG_WARN_STRICT_PROTOTYPES = YES;
				CLANG_WARN_SUSPICIOUS_MOVE = YES;
				CLANG_WARN_UNGUARDED_AVAILABILITY = YES_AGGRESSIVE;
				CLANG_WARN_UNREACHABLE_CODE = YES;
				CLANG_WARN__DUPLICATE_METHOD_MATCH = YES;
				COPY_PHASE_STRIP = NO;
				DEBUG_INFORMATION_FORMAT = dwarf;
				ENABLE_STRICT_OBJC_MSGSEND = YES;
				ENABLE_TESTABILITY = YES;
				ENABLE_USER_SCRIPT_SANDBOXING = YES;
				GCC_C_LANGUAGE_STANDARD = gnu17;
				GCC_DYNAMIC_NO_PIC = NO;
				GCC_NO_COMMON_BLOCKS = YES;
				GCC_OPTIMIZATION_LEVEL = 0;
				GCC_PREPROCESSOR_DEFINITIONS = (
					"DEBUG=1",
					"$(inherited)",
				);
				GCC_WARN_64_TO_32_BIT_CONVERSION = YES;
				GCC_WARN_ABOUT_RETURN_TYPE = YES_ERROR;
				GCC_WARN_UNDECLARED_SELECTOR = YES;
				GCC_WARN_UNINITIALIZED_AUTOS = YES_AGGRESSIVE;
				GCC_WARN_UNUSED_FUNCTION = YES;
				GCC_WARN_UNUSED_VARIABLE = YES;
				IPHONEOS_DEPLOYMENT_TARGET = 17.5;
				LOCALIZATION_PREFERS_STRING_CATALOGS = YES;
				MTL_ENABLE_DEBUG_INFO = INCLUDE_SOURCE;
				MTL_FAST_MATH = YES;
				ONLY_ACTIVE_ARCH = YES;
				SDKROOT = iphoneos;
				SWIFT_ACTIVE_COMPILATION_CONDITIONS = "DEBUG $(inherited)";
				SWIFT_OPTIMIZATION_LEVEL = "-Onone";
			};
			name = Debug;
		};
		4E0F67692C34071C00BCE025 /* Release */ = {
			isa = XCBuildConfiguration;
			buildSettings = {
				ALWAYS_SEARCH_USER_PATHS = NO;
				ASSETCATALOG_COMPILER_GENERATE_SWIFT_ASSET_SYMBOL_EXTENSIONS = YES;
				CLANG_ANALYZER_NONNULL = YES;
				CLANG_ANALYZER_NUMBER_OBJECT_CONVERSION = YES_AGGRESSIVE;
				CLANG_CXX_LANGUAGE_STANDARD = "gnu++20";
				CLANG_ENABLE_MODULES = YES;
				CLANG_ENABLE_OBJC_ARC = YES;
				CLANG_ENABLE_OBJC_WEAK = YES;
				CLANG_WARN_BLOCK_CAPTURE_AUTORELEASING = YES;
				CLANG_WARN_BOOL_CONVERSION = YES;
				CLANG_WARN_COMMA = YES;
				CLANG_WARN_CONSTANT_CONVERSION = YES;
				CLANG_WARN_DEPRECATED_OBJC_IMPLEMENTATIONS = YES;
				CLANG_WARN_DIRECT_OBJC_ISA_USAGE = YES_ERROR;
				CLANG_WARN_DOCUMENTATION_COMMENTS = YES;
				CLANG_WARN_EMPTY_BODY = YES;
				CLANG_WARN_ENUM_CONVERSION = YES;
				CLANG_WARN_INFINITE_RECURSION = YES;
				CLANG_WARN_INT_CONVERSION = YES;
				CLANG_WARN_NON_LITERAL_NULL_CONVERSION = YES;
				CLANG_WARN_OBJC_IMPLICIT_RETAIN_SELF = YES;
				CLANG_WARN_OBJC_LITERAL_CONVERSION = YES;
				CLANG_WARN_OBJC_ROOT_CLASS = YES_ERROR;
				CLANG_WARN_QUOTED_INCLUDE_IN_FRAMEWORK_HEADER = YES;
				CLANG_WARN_RANGE_LOOP_ANALYSIS = YES;
				CLANG_WARN_STRICT_PROTOTYPES = YES;
				CLANG_WARN_SUSPICIOUS_MOVE = YES;
				CLANG_WARN_UNGUARDED_AVAILABILITY = YES_AGGRESSIVE;
				CLANG_WARN_UNREACHABLE_CODE = YES;
				CLANG_WARN__DUPLICATE_METHOD_MATCH = YES;
				COPY_PHASE_STRIP = NO;
				DEBUG_INFORMATION_FORMAT = "dwarf-with-dsym";
				ENABLE_NS_ASSERTIONS = NO;
				ENABLE_STRICT_OBJC_MSGSEND = YES;
				ENABLE_USER_SCRIPT_SANDBOXING = YES;
				GCC_C_LANGUAGE_STANDARD = gnu17;
				GCC_NO_COMMON_BLOCKS = YES;
				GCC_WARN_64_TO_32_BIT_CONVERSION = YES;
				GCC_WARN_ABOUT_RETURN_TYPE = YES_ERROR;
				GCC_WARN_UNDECLARED_SELECTOR = YES;
				GCC_WARN_UNINITIALIZED_AUTOS = YES_AGGRESSIVE;
				GCC_WARN_UNUSED_FUNCTION = YES;
				GCC_WARN_UNUSED_VARIABLE = YES;
				IPHONEOS_DEPLOYMENT_TARGET = 17.5;
				LOCALIZATION_PREFERS_STRING_CATALOGS = YES;
				MTL_ENABLE_DEBUG_INFO = NO;
				MTL_FAST_MATH = YES;
				SDKROOT = iphoneos;
				SWIFT_COMPILATION_MODE = wholemodule;
				VALIDATE_PRODUCT = YES;
			};
			name = Release;
		};
		4E0F676B2C34071C00BCE025 /* Debug */ = {
			isa = XCBuildConfiguration;
			buildSettings = {
				ASSETCATALOG_COMPILER_APPICON_NAME = AppIcon;
				ASSETCATALOG_COMPILER_GLOBAL_ACCENT_COLOR_NAME = AccentColor;
				CODE_SIGN_STYLE = Automatic;
				CURRENT_PROJECT_VERSION = 1;
				DEVELOPMENT_TEAM = B44YL23J9X;
				GENERATE_INFOPLIST_FILE = YES;
				INFOPLIST_FILE = DataBaseReminder/Resources/Info.plist;
				INFOPLIST_KEY_UIApplicationSupportsIndirectInputEvents = YES;
				INFOPLIST_KEY_UILaunchStoryboardName = LaunchScreen;
				INFOPLIST_KEY_UISupportedInterfaceOrientations = UIInterfaceOrientationPortrait;
				INFOPLIST_KEY_UISupportedInterfaceOrientations_iPad = UIInterfaceOrientationPortrait;
				IPHONEOS_DEPLOYMENT_TARGET = 16.0;
				LD_RUNPATH_SEARCH_PATHS = (
					"$(inherited)",
					"@executable_path/Frameworks",
				);
				MARKETING_VERSION = 1.0;
				PRODUCT_BUNDLE_IDENTIFIER = com.seosieve.DataBaseReminder;
				PRODUCT_NAME = "$(TARGET_NAME)";
				SUPPORTED_PLATFORMS = "iphoneos iphonesimulator";
				SUPPORTS_MACCATALYST = NO;
				SUPPORTS_MAC_DESIGNED_FOR_IPHONE_IPAD = NO;
				SUPPORTS_XR_DESIGNED_FOR_IPHONE_IPAD = NO;
				SWIFT_EMIT_LOC_STRINGS = YES;
				SWIFT_VERSION = 5.0;
				TARGETED_DEVICE_FAMILY = 1;
			};
			name = Debug;
		};
		4E0F676C2C34071C00BCE025 /* Release */ = {
			isa = XCBuildConfiguration;
			buildSettings = {
				ASSETCATALOG_COMPILER_APPICON_NAME = AppIcon;
				ASSETCATALOG_COMPILER_GLOBAL_ACCENT_COLOR_NAME = AccentColor;
				CODE_SIGN_STYLE = Automatic;
				CURRENT_PROJECT_VERSION = 1;
				DEVELOPMENT_TEAM = B44YL23J9X;
				GENERATE_INFOPLIST_FILE = YES;
				INFOPLIST_FILE = DataBaseReminder/Resources/Info.plist;
				INFOPLIST_KEY_UIApplicationSupportsIndirectInputEvents = YES;
				INFOPLIST_KEY_UILaunchStoryboardName = LaunchScreen;
				INFOPLIST_KEY_UISupportedInterfaceOrientations = UIInterfaceOrientationPortrait;
				INFOPLIST_KEY_UISupportedInterfaceOrientations_iPad = UIInterfaceOrientationPortrait;
				IPHONEOS_DEPLOYMENT_TARGET = 16.0;
				LD_RUNPATH_SEARCH_PATHS = (
					"$(inherited)",
					"@executable_path/Frameworks",
				);
				MARKETING_VERSION = 1.0;
				PRODUCT_BUNDLE_IDENTIFIER = com.seosieve.DataBaseReminder;
				PRODUCT_NAME = "$(TARGET_NAME)";
				SUPPORTED_PLATFORMS = "iphoneos iphonesimulator";
				SUPPORTS_MACCATALYST = NO;
				SUPPORTS_MAC_DESIGNED_FOR_IPHONE_IPAD = NO;
				SUPPORTS_XR_DESIGNED_FOR_IPHONE_IPAD = NO;
				SWIFT_EMIT_LOC_STRINGS = YES;
				SWIFT_VERSION = 5.0;
				TARGETED_DEVICE_FAMILY = 1;
			};
			name = Release;
		};
/* End XCBuildConfiguration section */

/* Begin XCConfigurationList section */
		4E0F67512C34071A00BCE025 /* Build configuration list for PBXProject "DataBaseReminder" */ = {
			isa = XCConfigurationList;
			buildConfigurations = (
				4E0F67682C34071C00BCE025 /* Debug */,
				4E0F67692C34071C00BCE025 /* Release */,
			);
			defaultConfigurationIsVisible = 0;
			defaultConfigurationName = Release;
		};
		4E0F676A2C34071C00BCE025 /* Build configuration list for PBXNativeTarget "DataBaseReminder" */ = {
			isa = XCConfigurationList;
			buildConfigurations = (
				4E0F676B2C34071C00BCE025 /* Debug */,
				4E0F676C2C34071C00BCE025 /* Release */,
			);
			defaultConfigurationIsVisible = 0;
			defaultConfigurationName = Release;
		};
/* End XCConfigurationList section */

/* Begin XCRemoteSwiftPackageReference section */
		4E0F67822C340DD500BCE025 /* XCRemoteSwiftPackageReference "SnapKit" */ = {
			isa = XCRemoteSwiftPackageReference;
			repositoryURL = "https://github.com/SnapKit/SnapKit.git";
			requirement = {
				kind = upToNextMajorVersion;
				minimumVersion = 5.7.1;
			};
		};
		4E0F67852C340E5E00BCE025 /* XCRemoteSwiftPackageReference "realm-swift" */ = {
			isa = XCRemoteSwiftPackageReference;
			repositoryURL = "https://github.com/realm/realm-swift.git";
			requirement = {
				kind = exactVersion;
				version = 10.52.1;
			};
		};
		4E0F67D22C3A7EF400BCE025 /* XCRemoteSwiftPackageReference "FSCalendar" */ = {
			isa = XCRemoteSwiftPackageReference;
			repositoryURL = "https://github.com/WenchaoD/FSCalendar.git";
			requirement = {
				kind = upToNextMajorVersion;
				minimumVersion = 2.8.4;
			};
		};
/* End XCRemoteSwiftPackageReference section */

/* Begin XCSwiftPackageProductDependency section */
		4E0F67832C340DD500BCE025 /* SnapKit */ = {
			isa = XCSwiftPackageProductDependency;
			package = 4E0F67822C340DD500BCE025 /* XCRemoteSwiftPackageReference "SnapKit" */;
			productName = SnapKit;
		};
		4E0F67862C340E5E00BCE025 /* RealmSwift */ = {
			isa = XCSwiftPackageProductDependency;
			package = 4E0F67852C340E5E00BCE025 /* XCRemoteSwiftPackageReference "realm-swift" */;
			productName = RealmSwift;
		};
		4E0F67D32C3A7EF400BCE025 /* FSCalendar */ = {
			isa = XCSwiftPackageProductDependency;
			package = 4E0F67D22C3A7EF400BCE025 /* XCRemoteSwiftPackageReference "FSCalendar" */;
			productName = FSCalendar;
		};
/* End XCSwiftPackageProductDependency section */
	};
	rootObject = 4E0F674E2C34071A00BCE025 /* Project object */;
}
